
Microsoft Visual Studio Solution File, Format Version 12.00
# Visual Studio Version 16
VisualStudioVersion = 16.0.29926.136
MinimumVisualStudioVersion = 10.0.40219.1
Project("{9A19103F-16F7-4668-BE54-9A1E7A4F7556}") = "DistributionTools", "DistributionTools\DistributionTools.csproj", "{D6C30EEF-54C3-4745-8B30-1AAFAA56280D}"
EndProject
Project("{FAE04EC0-301F-11D3-BF4B-00C04F79EFBC}") = "FetchPrebuiltUE4", "FetchPrebuiltUE4\FetchPrebuiltUE4.csproj", "{3C8C5A9B-343A-454F-B06C-41E4EB2FC332}"
EndProject
Global
	GlobalSection(SolutionConfigurationPlatforms) = preSolution
		Debug|Any CPU = Debug|Any CPU
		Release|Any CPU = Release|Any CPU
	EndGlobalSection
	GlobalSection(ProjectConfigurationPlatforms) = postSolution
		{D6C30EEF-54C3-4745-8B30-1AAFAA56280D}.Debug|Any CPU.ActiveCfg = Debug|Any CPU
		{D6C30EEF-54C3-4745-8B30-1AAFAA56280D}.Debug|Any CPU.Build.0 = Debug|Any CPU
		{D6C30EEF-54C3-4745-8B30-1AAFAA56280D}.Release|Any CPU.ActiveCfg = Release|Any CPU
		{D6C30EEF-54C3-4745-8B30-1AAFAA56280D}.Release|Any CPU.Build.0 = Release|Any CPU
		{3C8C5A9B-343A-454F-B06C-41E4EB2FC332}.Debug|Any CPU.ActiveCfg = Debug|Any CPU
		{3C8C5A9B-343A-454F-B06C-41E4EB2FC332}.Debug|Any CPU.Build.0 = Debug|Any CPU
		{3C8C5A9B-343A-454F-B06C-41E4EB2FC332}.Release|Any CPU.ActiveCfg = Release|Any CPU
		{3C8C5A9B-343A-454F-B06C-41E4EB2FC332}.Release|Any CPU.Build.0 = Release|Any CPU
	EndGlobalSection
	GlobalSection(SolutionProperties) = preSolution
		HideSolutionNode = FALSE
	EndGlobalSection
	GlobalSection(ExtensibilityGlobals) = postSolution
		SolutionGuid = {CDCDB8BE-31C4-4BF6-AC34-BB7970AA9EBD}
	EndGlobalSection
EndGlobal
